// !$*UTF8*$!
{
	archiveVersion = 1;
	classes = {
	};
	objectVersion = 46;
	objects = {

/* Begin PBXBuildFile section */
		04690E2717CBF5FC00F5761B /* Foundation.framework in Frameworks */ = {isa = PBXBuildFile; fileRef = 04690E2617CBF5FC00F5761B /* Foundation.framework */; };
		04690E2917CBF5FC00F5761B /* CoreGraphics.framework in Frameworks */ = {isa = PBXBuildFile; fileRef = 04690E2817CBF5FC00F5761B /* CoreGraphics.framework */; };
		04690E2B17CBF5FC00F5761B /* UIKit.framework in Frameworks */ = {isa = PBXBuildFile; fileRef = 04690E2A17CBF5FC00F5761B /* UIKit.framework */; };
		04690E3117CBF5FC00F5761B /* InfoPlist.strings in Resources */ = {isa = PBXBuildFile; fileRef = 04690E2F17CBF5FC00F5761B /* InfoPlist.strings */; };
		04690E3317CBF5FC00F5761B /* main.m in Sources */ = {isa = PBXBuildFile; fileRef = 04690E3217CBF5FC00F5761B /* main.m */; };
		04690E3717CBF5FC00F5761B /* AppDelegate.m in Sources */ = {isa = PBXBuildFile; fileRef = 04690E3617CBF5FC00F5761B /* AppDelegate.m */; };
		04690E3A17CBF5FC00F5761B /* Main.storyboard in Resources */ = {isa = PBXBuildFile; fileRef = 04690E3817CBF5FC00F5761B /* Main.storyboard */; };
		04690E3D17CBF5FC00F5761B /* ViewController.m in Sources */ = {isa = PBXBuildFile; fileRef = 04690E3C17CBF5FC00F5761B /* ViewController.m */; };
		04690E3F17CBF5FC00F5761B /* Images.xcassets in Resources */ = {isa = PBXBuildFile; fileRef = 04690E3E17CBF5FC00F5761B /* Images.xcassets */; };
		04690E4617CBF5FC00F5761B /* XCTest.framework in Frameworks */ = {isa = PBXBuildFile; fileRef = 04690E4517CBF5FC00F5761B /* XCTest.framework */; };
		04690E4717CBF5FC00F5761B /* Foundation.framework in Frameworks */ = {isa = PBXBuildFile; fileRef = 04690E2617CBF5FC00F5761B /* Foundation.framework */; };
		04690E4817CBF5FC00F5761B /* UIKit.framework in Frameworks */ = {isa = PBXBuildFile; fileRef = 04690E2A17CBF5FC00F5761B /* UIKit.framework */; };
		04690E5017CBF5FC00F5761B /* InfoPlist.strings in Resources */ = {isa = PBXBuildFile; fileRef = 04690E4E17CBF5FC00F5761B /* InfoPlist.strings */; };
		04690E5217CBF5FC00F5761B /* IBActionSheetDemoTests.m in Sources */ = {isa = PBXBuildFile; fileRef = 04690E5117CBF5FC00F5761B /* IBActionSheetDemoTests.m */; };
		047DF4EE17CD87FC0056D97C /* IBActionSheet.m in Sources */ = {isa = PBXBuildFile; fileRef = 047DF4ED17CD87FC0056D97C /* IBActionSheet.m */; };
/* End PBXBuildFile section */

/* Begin PBXContainerItemProxy section */
		04690E4917CBF5FC00F5761B /* PBXContainerItemProxy */ = {
			isa = PBXContainerItemProxy;
			containerPortal = 04690E1B17CBF5FC00F5761B /* Project object */;
			proxyType = 1;
			remoteGlobalIDString = 04690E2217CBF5FC00F5761B;
			remoteInfo = IBActionSheetDemo;
		};
/* End PBXContainerItemProxy section */

/* Begin PBXFileReference section */
		04690E2317CBF5FC00F5761B /* IBActionSheetDemo.app */ = {isa = PBXFileReference; explicitFileType = wrapper.application; includeInIndex = 0; path = IBActionSheetDemo.app; sourceTree = BUILT_PRODUCTS_DIR; };
		04690E2617CBF5FC00F5761B /* Foundation.framework */ = {isa = PBXFileReference; lastKnownFileType = wrapper.framework; name = Foundation.framework; path = System/Library/Frameworks/Foundation.framework; sourceTree = SDKROOT; };
		04690E2817CBF5FC00F5761B /* CoreGraphics.framework */ = {isa = PBXFileReference; lastKnownFileType = wrapper.framework; name = CoreGraphics.framework; path = System/Library/Frameworks/CoreGraphics.framework; sourceTree = SDKROOT; };
		04690E2A17CBF5FC00F5761B /* UIKit.framework */ = {isa = PBXFileReference; lastKnownFileType = wrapper.framework; name = UIKit.framework; path = System/Library/Frameworks/UIKit.framework; sourceTree = SDKROOT; };
		04690E2E17CBF5FC00F5761B /* IBActionSheetDemo-Info.plist */ = {isa = PBXFileReference; lastKnownFileType = text.plist.xml; path = "IBActionSheetDemo-Info.plist"; sourceTree = "<group>"; };
		04690E3017CBF5FC00F5761B /* en */ = {isa = PBXFileReference; lastKnownFileType = text.plist.strings; name = en; path = en.lproj/InfoPlist.strings; sourceTree = "<group>"; };
		04690E3217CBF5FC00F5761B /* main.m */ = {isa = PBXFileReference; lastKnownFileType = sourcecode.c.objc; path = main.m; sourceTree = "<group>"; };
		04690E3417CBF5FC00F5761B /* IBActionSheetDemo-Prefix.pch */ = {isa = PBXFileReference; lastKnownFileType = sourcecode.c.h; path = "IBActionSheetDemo-Prefix.pch"; sourceTree = "<group>"; };
		04690E3517CBF5FC00F5761B /* AppDelegate.h */ = {isa = PBXFileReference; lastKnownFileType = sourcecode.c.h; path = AppDelegate.h; sourceTree = "<group>"; };
		04690E3617CBF5FC00F5761B /* AppDelegate.m */ = {isa = PBXFileReference; lastKnownFileType = sourcecode.c.objc; path = AppDelegate.m; sourceTree = "<group>"; };
		04690E3917CBF5FC00F5761B /* Base */ = {isa = PBXFileReference; lastKnownFileType = file.storyboard; name = Base; path = Base.lproj/Main.storyboard; sourceTree = "<group>"; };
		04690E3B17CBF5FC00F5761B /* ViewController.h */ = {isa = PBXFileReference; lastKnownFileType = sourcecode.c.h; path = ViewController.h; sourceTree = "<group>"; };
		04690E3C17CBF5FC00F5761B /* ViewController.m */ = {isa = PBXFileReference; lastKnownFileType = sourcecode.c.objc; path = ViewController.m; sourceTree = "<group>"; };
		04690E3E17CBF5FC00F5761B /* Images.xcassets */ = {isa = PBXFileReference; lastKnownFileType = folder.assetcatalog; path = Images.xcassets; sourceTree = "<group>"; };
		04690E4417CBF5FC00F5761B /* IBActionSheetDemoTests.xctest */ = {isa = PBXFileReference; explicitFileType = wrapper.cfbundle; includeInIndex = 0; path = IBActionSheetDemoTests.xctest; sourceTree = BUILT_PRODUCTS_DIR; };
		04690E4517CBF5FC00F5761B /* XCTest.framework */ = {isa = PBXFileReference; lastKnownFileType = wrapper.framework; name = XCTest.framework; path = Library/Frameworks/XCTest.framework; sourceTree = DEVELOPER_DIR; };
		04690E4D17CBF5FC00F5761B /* IBActionSheetDemoTests-Info.plist */ = {isa = PBXFileReference; lastKnownFileType = text.plist.xml; path = "IBActionSheetDemoTests-Info.plist"; sourceTree = "<group>"; };
		04690E4F17CBF5FC00F5761B /* en */ = {isa = PBXFileReference; lastKnownFileType = text.plist.strings; name = en; path = en.lproj/InfoPlist.strings; sourceTree = "<group>"; };
		04690E5117CBF5FC00F5761B /* IBActionSheetDemoTests.m */ = {isa = PBXFileReference; lastKnownFileType = sourcecode.c.objc; path = IBActionSheetDemoTests.m; sourceTree = "<group>"; };
		047DF4EC17CD87FC0056D97C /* IBActionSheet.h */ = {isa = PBXFileReference; fileEncoding = 4; lastKnownFileType = sourcecode.c.h; path = IBActionSheet.h; sourceTree = "<group>"; };
		047DF4ED17CD87FC0056D97C /* IBActionSheet.m */ = {isa = PBXFileReference; fileEncoding = 4; lastKnownFileType = sourcecode.c.objc; path = IBActionSheet.m; sourceTree = "<group>"; };
/* End PBXFileReference section */

/* Begin PBXFrameworksBuildPhase section */
		04690E2017CBF5FC00F5761B /* Frameworks */ = {
			isa = PBXFrameworksBuildPhase;
			buildActionMask = 2147483647;
			files = (
				04690E2917CBF5FC00F5761B /* CoreGraphics.framework in Frameworks */,
				04690E2B17CBF5FC00F5761B /* UIKit.framework in Frameworks */,
				04690E2717CBF5FC00F5761B /* Foundation.framework in Frameworks */,
			);
			runOnlyForDeploymentPostprocessing = 0;
		};
		04690E4117CBF5FC00F5761B /* Frameworks */ = {
			isa = PBXFrameworksBuildPhase;
			buildActionMask = 2147483647;
			files = (
				04690E4617CBF5FC00F5761B /* XCTest.framework in Frameworks */,
				04690E4817CBF5FC00F5761B /* UIKit.framework in Frameworks */,
				04690E4717CBF5FC00F5761B /* Foundation.framework in Frameworks */,
			);
			runOnlyForDeploymentPostprocessing = 0;
		};
/* End PBXFrameworksBuildPhase section */

/* Begin PBXGroup section */
		04690E1A17CBF5FC00F5761B = {
			isa = PBXGroup;
			children = (
				04690E2C17CBF5FC00F5761B /* IBActionSheetDemo */,
				04690E4B17CBF5FC00F5761B /* IBActionSheetDemoTests */,
				04690E2517CBF5FC00F5761B /* Frameworks */,
				04690E2417CBF5FC00F5761B /* Products */,
			);
			sourceTree = "<group>";
		};
		04690E2417CBF5FC00F5761B /* Products */ = {
			isa = PBXGroup;
			children = (
				04690E2317CBF5FC00F5761B /* IBActionSheetDemo.app */,
				04690E4417CBF5FC00F5761B /* IBActionSheetDemoTests.xctest */,
			);
			name = Products;
			sourceTree = "<group>";
		};
		04690E2517CBF5FC00F5761B /* Frameworks */ = {
			isa = PBXGroup;
			children = (
				04690E2617CBF5FC00F5761B /* Foundation.framework */,
				04690E2817CBF5FC00F5761B /* CoreGraphics.framework */,
				04690E2A17CBF5FC00F5761B /* UIKit.framework */,
				04690E4517CBF5FC00F5761B /* XCTest.framework */,
			);
			name = Frameworks;
			sourceTree = "<group>";
		};
		04690E2C17CBF5FC00F5761B /* IBActionSheetDemo */ = {
			isa = PBXGroup;
			children = (
				04690E3517CBF5FC00F5761B /* AppDelegate.h */,
				04690E3617CBF5FC00F5761B /* AppDelegate.m */,
				04690E3817CBF5FC00F5761B /* Main.storyboard */,
				04690E3B17CBF5FC00F5761B /* ViewController.h */,
				04690E3C17CBF5FC00F5761B /* ViewController.m */,
				047DF4EF17CD91AC0056D97C /* IBActionSheet */,
				04690E3E17CBF5FC00F5761B /* Images.xcassets */,
				04690E2D17CBF5FC00F5761B /* Supporting Files */,
			);
			path = IBActionSheetDemo;
			sourceTree = "<group>";
		};
		04690E2D17CBF5FC00F5761B /* Supporting Files */ = {
			isa = PBXGroup;
			children = (
				04690E2E17CBF5FC00F5761B /* IBActionSheetDemo-Info.plist */,
				04690E2F17CBF5FC00F5761B /* InfoPlist.strings */,
				04690E3217CBF5FC00F5761B /* main.m */,
				04690E3417CBF5FC00F5761B /* IBActionSheetDemo-Prefix.pch */,
			);
			name = "Supporting Files";
			sourceTree = "<group>";
		};
		04690E4B17CBF5FC00F5761B /* IBActionSheetDemoTests */ = {
			isa = PBXGroup;
			children = (
				04690E5117CBF5FC00F5761B /* IBActionSheetDemoTests.m */,
				04690E4C17CBF5FC00F5761B /* Supporting Files */,
			);
			path = IBActionSheetDemoTests;
			sourceTree = "<group>";
		};
		04690E4C17CBF5FC00F5761B /* Supporting Files */ = {
			isa = PBXGroup;
			children = (
				04690E4D17CBF5FC00F5761B /* IBActionSheetDemoTests-Info.plist */,
				04690E4E17CBF5FC00F5761B /* InfoPlist.strings */,
			);
			name = "Supporting Files";
			sourceTree = "<group>";
		};
		047DF4EF17CD91AC0056D97C /* IBActionSheet */ = {
			isa = PBXGroup;
			children = (
				047DF4EC17CD87FC0056D97C /* IBActionSheet.h */,
				047DF4ED17CD87FC0056D97C /* IBActionSheet.m */,
			);
			name = IBActionSheet;
			sourceTree = "<group>";
		};
/* End PBXGroup section */

/* Begin PBXNativeTarget section */
		04690E2217CBF5FC00F5761B /* IBActionSheetDemo */ = {
			isa = PBXNativeTarget;
			buildConfigurationList = 04690E5517CBF5FC00F5761B /* Build configuration list for PBXNativeTarget "IBActionSheetDemo" */;
			buildPhases = (
				04690E1F17CBF5FC00F5761B /* Sources */,
				04690E2017CBF5FC00F5761B /* Frameworks */,
				04690E2117CBF5FC00F5761B /* Resources */,
			);
			buildRules = (
			);
			dependencies = (
			);
			name = IBActionSheetDemo;
			productName = IBActionSheetDemo;
			productReference = 04690E2317CBF5FC00F5761B /* IBActionSheetDemo.app */;
			productType = "com.apple.product-type.application";
		};
		04690E4317CBF5FC00F5761B /* IBActionSheetDemoTests */ = {
			isa = PBXNativeTarget;
			buildConfigurationList = 04690E5817CBF5FC00F5761B /* Build configuration list for PBXNativeTarget "IBActionSheetDemoTests" */;
			buildPhases = (
				04690E4017CBF5FC00F5761B /* Sources */,
				04690E4117CBF5FC00F5761B /* Frameworks */,
				04690E4217CBF5FC00F5761B /* Resources */,
			);
			buildRules = (
			);
			dependencies = (
				04690E4A17CBF5FC00F5761B /* PBXTargetDependency */,
			);
			name = IBActionSheetDemoTests;
			productName = IBActionSheetDemoTests;
			productReference = 04690E4417CBF5FC00F5761B /* IBActionSheetDemoTests.xctest */;
			productType = "com.apple.product-type.bundle.unit-test";
		};
/* End PBXNativeTarget section */

/* Begin PBXProject section */
		04690E1B17CBF5FC00F5761B /* Project object */ = {
			isa = PBXProject;
			attributes = {
				LastUpgradeCheck = 0500;
				ORGANIZATIONNAME = "Ian Burns";
				TargetAttributes = {
					04690E4317CBF5FC00F5761B = {
						TestTargetID = 04690E2217CBF5FC00F5761B;
					};
				};
			};
			buildConfigurationList = 04690E1E17CBF5FC00F5761B /* Build configuration list for PBXProject "IBActionSheetDemo" */;
			compatibilityVersion = "Xcode 3.2";
			developmentRegion = English;
			hasScannedForEncodings = 0;
			knownRegions = (
				en,
				Base,
			);
			mainGroup = 04690E1A17CBF5FC00F5761B;
			productRefGroup = 04690E2417CBF5FC00F5761B /* Products */;
			projectDirPath = "";
			projectRoot = "";
			targets = (
				04690E2217CBF5FC00F5761B /* IBActionSheetDemo */,
				04690E4317CBF5FC00F5761B /* IBActionSheetDemoTests */,
			);
		};
/* End PBXProject section */

/* Begin PBXResourcesBuildPhase section */
		04690E2117CBF5FC00F5761B /* Resources */ = {
			isa = PBXResourcesBuildPhase;
			buildActionMask = 2147483647;
			files = (
				04690E3F17CBF5FC00F5761B /* Images.xcassets in Resources */,
				04690E3117CBF5FC00F5761B /* InfoPlist.strings in Resources */,
				04690E3A17CBF5FC00F5761B /* Main.storyboard in Resources */,
			);
			runOnlyForDeploymentPostprocessing = 0;
		};
		04690E4217CBF5FC00F5761B /* Resources */ = {
			isa = PBXResourcesBuildPhase;
			buildActionMask = 2147483647;
			files = (
				04690E5017CBF5FC00F5761B /* InfoPlist.strings in Resources */,
			);
			runOnlyForDeploymentPostprocessing = 0;
		};
/* End PBXResourcesBuildPhase section */

/* Begin PBXSourcesBuildPhase section */
		04690E1F17CBF5FC00F5761B /* Sources */ = {
			isa = PBXSourcesBuildPhase;
			buildActionMask = 2147483647;
			files = (
				047DF4EE17CD87FC0056D97C /* IBActionSheet.m in Sources */,
				04690E3D17CBF5FC00F5761B /* ViewController.m in Sources */,
				04690E3717CBF5FC00F5761B /* AppDelegate.m in Sources */,
				04690E3317CBF5FC00F5761B /* main.m in Sources */,
			);
			runOnlyForDeploymentPostprocessing = 0;
		};
		04690E4017CBF5FC00F5761B /* Sources */ = {
			isa = PBXSourcesBuildPhase;
			buildActionMask = 2147483647;
			files = (
				04690E5217CBF5FC00F5761B /* IBActionSheetDemoTests.m in Sources */,
			);
			runOnlyForDeploymentPostprocessing = 0;
		};
/* End PBXSourcesBuildPhase section */

/* Begin PBXTargetDependency section */
		04690E4A17CBF5FC00F5761B /* PBXTargetDependency */ = {
			isa = PBXTargetDependency;
			target = 04690E2217CBF5FC00F5761B /* IBActionSheetDemo */;
			targetProxy = 04690E4917CBF5FC00F5761B /* PBXContainerItemProxy */;
		};
/* End PBXTargetDependency section */

/* Begin PBXVariantGroup section */
		04690E2F17CBF5FC00F5761B /* InfoPlist.strings */ = {
			isa = PBXVariantGroup;
			children = (
				04690E3017CBF5FC00F5761B /* en */,
			);
			name = InfoPlist.strings;
			sourceTree = "<group>";
		};
		04690E3817CBF5FC00F5761B /* Main.storyboard */ = {
			isa = PBXVariantGroup;
			children = (
				04690E3917CBF5FC00F5761B /* Base */,
			);
			name = Main.storyboard;
			sourceTree = "<group>";
		};
		04690E4E17CBF5FC00F5761B /* InfoPlist.strings */ = {
			isa = PBXVariantGroup;
			children = (
				04690E4F17CBF5FC00F5761B /* en */,
			);
			name = InfoPlist.strings;
			sourceTree = "<group>";
		};
/* End PBXVariantGroup section */

/* Begin XCBuildConfiguration section */
		04690E5317CBF5FC00F5761B /* Debug */ = {
			isa = XCBuildConfiguration;
			buildSettings = {
				ALWAYS_SEARCH_USER_PATHS = NO;
				CLANG_CXX_LANGUAGE_STANDARD = "gnu++0x";
				CLANG_CXX_LIBRARY = "libc++";
				CLANG_ENABLE_MODULES = YES;
				CLANG_ENABLE_OBJC_ARC = YES;
				CLANG_WARN_BOOL_CONVERSION = YES;
				CLANG_WARN_CONSTANT_CONVERSION = YES;
				CLANG_WARN_DIRECT_OBJC_ISA_USAGE = YES_ERROR;
				CLANG_WARN_EMPTY_BODY = YES;
				CLANG_WARN_ENUM_CONVERSION = YES;
				CLANG_WARN_INT_CONVERSION = YES;
				CLANG_WARN_OBJC_ROOT_CLASS = YES_ERROR;
				CLANG_WARN__DUPLICATE_METHOD_MATCH = YES;
				"CODE_SIGN_IDENTITY[sdk=iphoneos*]" = "iPhone Developer";
				COPY_PHASE_STRIP = NO;
				GCC_C_LANGUAGE_STANDARD = gnu99;
				GCC_DYNAMIC_NO_PIC = NO;
				GCC_OPTIMIZATION_LEVEL = 0;
				GCC_PREPROCESSOR_DEFINITIONS = (
					"DEBUG=1",
					"$(inherited)",
				);
				GCC_SYMBOLS_PRIVATE_EXTERN = NO;
				GCC_WARN_ABOUT_RETURN_TYPE = YES_ERROR;
				GCC_WARN_UNDECLARED_SELECTOR = YES;
				GCC_WARN_UNINITIALIZED_AUTOS = YES;
				GCC_WARN_UNUSED_FUNCTION = YES;
				GCC_WARN_UNUSED_VARIABLE = YES;
				IPHONEOS_DEPLOYMENT_TARGET = 7.0;
				ONLY_ACTIVE_ARCH = YES;
				SDKROOT = iphoneos;
			};
			name = Debug;
		};
		04690E5417CBF5FC00F5761B /* Release */ = {
			isa = XCBuildConfiguration;
			buildSettings = {
				ALWAYS_SEARCH_USER_PATHS = NO;
				CLANG_CXX_LANGUAGE_STANDARD = "gnu++0x";
				CLANG_CXX_LIBRARY = "libc++";
				CLANG_ENABLE_MODULES = YES;
				CLANG_ENABLE_OBJC_ARC = YES;
				CLANG_WARN_BOOL_CONVERSION = YES;
				CLANG_WARN_CONSTANT_CONVERSION = YES;
				CLANG_WARN_DIRECT_OBJC_ISA_USAGE = YES_ERROR;
				CLANG_WARN_EMPTY_BODY = YES;
				CLANG_WARN_ENUM_CONVERSION = YES;
				CLANG_WARN_INT_CONVERSION = YES;
				CLANG_WARN_OBJC_ROOT_CLASS = YES_ERROR;
				CLANG_WARN__DUPLICATE_METHOD_MATCH = YES;
				"CODE_SIGN_IDENTITY[sdk=iphoneos*]" = "iPhone Developer";
				COPY_PHASE_STRIP = YES;
				ENABLE_NS_ASSERTIONS = NO;
				GCC_C_LANGUAGE_STANDARD = gnu99;
				GCC_WARN_ABOUT_RETURN_TYPE = YES_ERROR;
				GCC_WARN_UNDECLARED_SELECTOR = YES;
				GCC_WARN_UNINITIALIZED_AUTOS = YES;
				GCC_WARN_UNUSED_FUNCTION = YES;
				GCC_WARN_UNUSED_VARIABLE = YES;
				IPHONEOS_DEPLOYMENT_TARGET = 7.0;
				SDKROOT = iphoneos;
				VALIDATE_PRODUCT = YES;
			};
			name = Release;
		};
		04690E5617CBF5FC00F5761B /* Debug */ = {
			isa = XCBuildConfiguration;
			buildSettings = {
				ASSETCATALOG_COMPILER_APPICON_NAME = AppIcon;
				ASSETCATALOG_COMPILER_LAUNCHIMAGE_NAME = LaunchImage;
				GCC_PRECOMPILE_PREFIX_HEADER = YES;
				GCC_PREFIX_HEADER = "IBActionSheetDemo/IBActionSheetDemo-Prefix.pch";
				INFOPLIST_FILE = "IBActionSheetDemo/IBActionSheetDemo-Info.plist";
				IPHONEOS_DEPLOYMENT_TARGET = 7.0;
				PRODUCT_NAME = "$(TARGET_NAME)";
				WRAPPER_EXTENSION = app;
			};
			name = Debug;
		};
		04690E5717CBF5FC00F5761B /* Release */ = {
			isa = XCBuildConfiguration;
			buildSettings = {
				ASSETCATALOG_COMPILER_APPICON_NAME = AppIcon;
				ASSETCATALOG_COMPILER_LAUNCHIMAGE_NAME = LaunchImage;
				GCC_PRECOMPILE_PREFIX_HEADER = YES;
				GCC_PREFIX_HEADER = "IBActionSheetDemo/IBActionSheetDemo-Prefix.pch";
				INFOPLIST_FILE = "IBActionSheetDemo/IBActionSheetDemo-Info.plist";
				IPHONEOS_DEPLOYMENT_TARGET = 7.0;
				PRODUCT_NAME = "$(TARGET_NAME)";
				WRAPPER_EXTENSION = app;
			};
			name = Release;
		};
		04690E5917CBF5FC00F5761B /* Debug */ = {
			isa = XCBuildConfiguration;
			buildSettings = {
				BUNDLE_LOADER = "$(BUILT_PRODUCTS_DIR)/IBActionSheetDemo.app/IBActionSheetDemo";
				FRAMEWORK_SEARCH_PATHS = (
					"$(SDKROOT)/Developer/Library/Frameworks",
					"$(inherited)",
					"$(SYSTEM_APPS_DIR)/Xcode5-DP3.app/Contents/Developer/Library/Frameworks",
				);
				GCC_PRECOMPILE_PREFIX_HEADER = YES;
				GCC_PREFIX_HEADER = "IBActionSheetDemo/IBActionSheetDemo-Prefix.pch";
				GCC_PREPROCESSOR_DEFINITIONS = (
					"DEBUG=1",
					"$(inherited)",
				);
				INFOPLIST_FILE = "IBActionSheetDemoTests/IBActionSheetDemoTests-Info.plist";
				PRODUCT_NAME = "$(TARGET_NAME)";
				TEST_HOST = "$(BUNDLE_LOADER)";
				WRAPPER_EXTENSION = xctest;
			};
			name = Debug;
		};
		04690E5A17CBF5FC00F5761B /* Release */ = {
			isa = XCBuildConfiguration;
			buildSettings = {
				BUNDLE_LOADER = "$(BUILT_PRODUCTS_DIR)/IBActionSheetDemo.app/IBActionSheetDemo";
				FRAMEWORK_SEARCH_PATHS = (
					"$(SDKROOT)/Developer/Library/Frameworks",
					"$(inherited)",
					"$(SYSTEM_APPS_DIR)/Xcode5-DP3.app/Contents/Developer/Library/Frameworks",
				);
				GCC_PRECOMPILE_PREFIX_HEADER = YES;
				GCC_PREFIX_HEADER = "IBActionSheetDemo/IBActionSheetDemo-Prefix.pch";
				INFOPLIST_FILE = "IBActionSheetDemoTests/IBActionSheetDemoTests-Info.plist";
				PRODUCT_NAME = "$(TARGET_NAME)";
				TEST_HOST = "$(BUNDLE_LOADER)";
				WRAPPER_EXTENSION = xctest;
			};
			name = Release;
		};
/* End XCBuildConfiguration section */

/* Begin XCConfigurationList section */
		04690E1E17CBF5FC00F5761B /* Build configuration list for PBXProject "IBActionSheetDemo" */ = {
			isa = XCConfigurationList;
			buildConfigurations = (
				04690E5317CBF5FC00F5761B /* Debug */,
				04690E5417CBF5FC00F5761B /* Release */,
			);
			defaultConfigurationIsVisible = 0;
			defaultConfigurationName = Release;
		};
		04690E5517CBF5FC00F5761B /* Build configuration list for PBXNativeTarget "IBActionSheetDemo" */ = {
			isa = XCConfigurationList;
			buildConfigurations = (
				04690E5617CBF5FC00F5761B /* Debug */,
				04690E5717CBF5FC00F5761B /* Release */,
			);
			defaultConfigurationIsVisible = 0;
			defaultConfigurationName = Release;
		};
		04690E5817CBF5FC00F5761B /* Build configuration list for PBXNativeTarget "IBActionSheetDemoTests" */ = {
			isa = XCConfigurationList;
			buildConfigurations = (
				04690E5917CBF5FC00F5761B /* Debug */,
				04690E5A17CBF5FC00F5761B /* Release */,
			);
			defaultConfigurationIsVisible = 0;
			defaultConfigurationName = Release;
		};
/* End XCConfigurationList section */
	};
	rootObject = 04690E1B17CBF5FC00F5761B /* Project object */;
}
